
Microsoft Visual Studio Solution File, Format Version 12.00
# Visual Studio Version 17
VisualStudioVersion = 17.8.34316.72
MinimumVisualStudioVersion = 10.0.40219.1
Project("{FAE04EC0-301F-11D3-BF4B-00C04F79EFBC}") = "HCRS_Host", "HCRS_Host\HCRS_Host.csproj", "{014B9782-B892-47A3-84AF-A711794A31DD}"
EndProject
Global
	GlobalSection(SolutionConfigurationPlatforms) = preSolution
		Debug|Any CPU = Debug|Any CPU
		Release|Any CPU = Release|Any CPU
	EndGlobalSection
	GlobalSection(ProjectConfigurationPlatforms) = postSolution
		{014B9782-B892-47A3-84AF-A711794A31DD}.Debug|Any CPU.ActiveCfg = Debug|Any CPU
		{014B9782-B892-47A3-84AF-A711794A31DD}.Debug|Any CPU.Build.0 = Debug|Any CPU
		{014B9782-B892-47A3-84AF-A711794A31DD}.Release|Any CPU.ActiveCfg = Release|Any CPU
		{014B9782-B892-47A3-84AF-A711794A31DD}.Release|Any CPU.Build.0 = Release|Any CPU
	EndGlobalSection
	GlobalSection(SolutionProperties) = preSolution
		HideSolutionNode = FALSE
	EndGlobalSection
	GlobalSection(ExtensibilityGlobals) = postSolution
		SolutionGuid = {92740232-6B0C-4382-8DED-F5C0AD584300}
	EndGlobalSection
EndGlobal
